
Microsoft Visual Studio Solution File, Format Version 12.00
# Visual Studio Version 17
VisualStudioVersion = 17.4.33110.190
MinimumVisualStudioVersion = 10.0.40219.1
Project("{FAE04EC0-301F-11D3-BF4B-00C04F79EFBC}") = "ReactApplicantsTracker.Web", "ReactApplicantsTracker.Web\ReactApplicantsTracker.Web.csproj", "{45D09C4F-20E0-4A9A-A0F8-F514C2581AA2}"
EndProject
Project("{FAE04EC0-301F-11D3-BF4B-00C04F79EFBC}") = "ReactApplicantsTracker.Data", "ReactApplicantsTracker.Data\ReactApplicantsTracker.Data.csproj", "{4189F0E6-CF99-45D6-A610-99B75575613A}"
EndProject
Global
	GlobalSection(SolutionConfigurationPlatforms) = preSolution
		Debug|Any CPU = Debug|Any CPU
		Release|Any CPU = Release|Any CPU
	EndGlobalSection
	GlobalSection(ProjectConfigurationPlatforms) = postSolution
		{45D09C4F-20E0-4A9A-A0F8-F514C2581AA2}.Debug|Any CPU.ActiveCfg = Debug|Any CPU
		{45D09C4F-20E0-4A9A-A0F8-F514C2581AA2}.Debug|Any CPU.Build.0 = Debug|Any CPU
		{45D09C4F-20E0-4A9A-A0F8-F514C2581AA2}.Release|Any CPU.ActiveCfg = Release|Any CPU
		{45D09C4F-20E0-4A9A-A0F8-F514C2581AA2}.Release|Any CPU.Build.0 = Release|Any CPU
		{4189F0E6-CF99-45D6-A610-99B75575613A}.Debug|Any CPU.ActiveCfg = Debug|Any CPU
		{4189F0E6-CF99-45D6-A610-99B75575613A}.Debug|Any CPU.Build.0 = Debug|Any CPU
		{4189F0E6-CF99-45D6-A610-99B75575613A}.Release|Any CPU.ActiveCfg = Release|Any CPU
		{4189F0E6-CF99-45D6-A610-99B75575613A}.Release|Any CPU.Build.0 = Release|Any CPU
	EndGlobalSection
	GlobalSection(SolutionProperties) = preSolution
		HideSolutionNode = FALSE
	EndGlobalSection
	GlobalSection(ExtensibilityGlobals) = postSolution
		SolutionGuid = {699B2655-8561-44A7-9A29-2D994DA32E46}
	EndGlobalSection
EndGlobal
